
Microsoft Visual Studio Solution File, Format Version 12.00
# Visual Studio Version 16
VisualStudioVersion = 16.0.29503.13
MinimumVisualStudioVersion = 10.0.40219.1
Project("{FAE04EC0-301F-11D3-BF4B-00C04F79EFBC}") = "SocketServer", "SocketServer.csproj", "{28026321-D400-4484-94BF-9FE957B9142E}"
EndProject
Global
	GlobalSection(SolutionConfigurationPlatforms) = preSolution
		Debug|Any CPU = Debug|Any CPU
		Release|Any CPU = Release|Any CPU
	EndGlobalSection
	GlobalSection(ProjectConfigurationPlatforms) = postSolution
		{28026321-D400-4484-94BF-9FE957B9142E}.Debug|Any CPU.ActiveCfg = Debug|Any CPU
		{28026321-D400-4484-94BF-9FE957B9142E}.Debug|Any CPU.Build.0 = Debug|Any CPU
		{28026321-D400-4484-94BF-9FE957B9142E}.Release|Any CPU.ActiveCfg = Release|Any CPU
		{28026321-D400-4484-94BF-9FE957B9142E}.Release|Any CPU.Build.0 = Release|Any CPU
	EndGlobalSection
	GlobalSection(SolutionProperties) = preSolution
		HideSolutionNode = FALSE
	EndGlobalSection
	GlobalSection(ExtensibilityGlobals) = postSolution
		SolutionGuid = {51F007D4-DA54-44B9-B85E-E92D853F5CA3}
	EndGlobalSection
EndGlobal
